
Microsoft Visual Studio Solution File, Format Version 12.00
# Visual Studio Version 16
VisualStudioVersion = 16.0.31205.134
MinimumVisualStudioVersion = 10.0.40219.1
Project("{FAE04EC0-301F-11D3-BF4B-00C04F79EFBC}") = "Q7", "Q7\Q7.csproj", "{EE1AC5A2-7EEA-4091-93DC-08E7E8299964}"
EndProject
Global
	GlobalSection(SolutionConfigurationPlatforms) = preSolution
		Debug|Any CPU = Debug|Any CPU
		Release|Any CPU = Release|Any CPU
	EndGlobalSection
	GlobalSection(ProjectConfigurationPlatforms) = postSolution
		{EE1AC5A2-7EEA-4091-93DC-08E7E8299964}.Debug|Any CPU.ActiveCfg = Debug|Any CPU
		{EE1AC5A2-7EEA-4091-93DC-08E7E8299964}.Debug|Any CPU.Build.0 = Debug|Any CPU
		{EE1AC5A2-7EEA-4091-93DC-08E7E8299964}.Release|Any CPU.ActiveCfg = Release|Any CPU
		{EE1AC5A2-7EEA-4091-93DC-08E7E8299964}.Release|Any CPU.Build.0 = Release|Any CPU
	EndGlobalSection
	GlobalSection(SolutionProperties) = preSolution
		HideSolutionNode = FALSE
	EndGlobalSection
	GlobalSection(ExtensibilityGlobals) = postSolution
		SolutionGuid = {B602F9A6-A69A-486F-AADC-900D2C1E24E5}
	EndGlobalSection
EndGlobal
